{
  "name": "simulator",
  "version": "0.1.0",
  "lockfileVersion": 1,
  "requires": true,
  "dependencies": {
    "browserslist": {
      "version": "2.11.3",
      "resolved": "https://registry.npmjs.org/browserslist/-/browserslist-2.11.3.tgz",
      "integrity": "sha512-yWu5cXT7Av6mVwzWc8lMsJMHWn4xyjSuGYi4IozbVTLUOEYPSagUB8kiMDUHA1fS3zjr8nkxkn9jdvug4BBRmA==",
      "requires": {
        "caniuse-lite": "1.0.30000830",
        "electron-to-chromium": "1.3.44"
      }
    },
    "caniuse-api": {
      "version": "2.0.0",
      "resolved": "https://registry.npmjs.org/caniuse-api/-/caniuse-api-2.0.0.tgz",
      "integrity": "sha1-sd21pZZrFvSNxJmERNS7xsfZ2DQ=",
      "requires": {
        "browserslist": "2.11.3",
        "caniuse-lite": "1.0.30000830",
        "lodash.memoize": "4.1.2",
        "lodash.uniq": "4.5.0"
      }
    },
    "caniuse-lite": {
      "version": "1.0.30000830",
      "resolved": "https://registry.npmjs.org/caniuse-lite/-/caniuse-lite-1.0.30000830.tgz",
      "integrity": "sha512-yMqGkujkoOIZfvOYiWdqPALgY/PVGiqCHUJb6yNq7xhI/pR+gQO0U2K6lRDqAiJv4+CIU3CtTLblNGw0QGnr6g=="
    },
    "electron-to-chromium": {
      "version": "1.3.44",
      "resolved": "https://registry.npmjs.org/electron-to-chromium/-/electron-to-chromium-1.3.44.tgz",
      "integrity": "sha1-72sVCmDVIwgjiMra2ICF7NL9RoQ="
    },
    "lodash.memoize": {
      "version": "4.1.2",
      "resolved": "https://registry.npmjs.org/lodash.memoize/-/lodash.memoize-4.1.2.tgz",
      "integrity": "sha1-vMbEmkKihA7Zl/Mj6tpezRguC/4="
    },
    "lodash.uniq": {
      "version": "4.5.0",
      "resolved": "https://registry.npmjs.org/lodash.uniq/-/lodash.uniq-4.5.0.tgz",
      "integrity": "sha1-0CJTc662Uq3BvILklFM5qEJ1R3M="
    }
  }
}
